// !$*UTF8*$!
{
	archiveVersion = 1;
	classes = {
	};
	objectVersion = 56;
	objects = {

/* Begin PBXBuildFile section */
		23DAA81EA28223DF8E04BDED /* Pods_ToDoListApp.framework in Frameworks */ = {isa = PBXBuildFile; fileRef = 678CD34E5A7A8ED03CC41193 /* Pods_ToDoListApp.framework */; };
		9886C0412933AD8E003FB622 /* AppDelegate.swift in Sources */ = {isa = PBXBuildFile; fileRef = 9886C0402933AD8E003FB622 /* AppDelegate.swift */; };
		9886C0432933AD8E003FB622 /* SceneDelegate.swift in Sources */ = {isa = PBXBuildFile; fileRef = 9886C0422933AD8E003FB622 /* SceneDelegate.swift */; };
		9886C0482933AD8E003FB622 /* Main.storyboard in Resources */ = {isa = PBXBuildFile; fileRef = 9886C0462933AD8E003FB622 /* Main.storyboard */; };
		9886C04A2933AD90003FB622 /* Assets.xcassets in Resources */ = {isa = PBXBuildFile; fileRef = 9886C0492933AD90003FB622 /* Assets.xcassets */; };
		9886C04D2933AD90003FB622 /* LaunchScreen.storyboard in Resources */ = {isa = PBXBuildFile; fileRef = 9886C04B2933AD90003FB622 /* LaunchScreen.storyboard */; };
		9886C0562933ADCE003FB622 /* ViewController.swift in Sources */ = {isa = PBXBuildFile; fileRef = 9886C0552933ADCE003FB622 /* ViewController.swift */; };
		9886C0582938CF48003FB622 /* AddTaskViewController.swift in Sources */ = {isa = PBXBuildFile; fileRef = 9886C0572938CF48003FB622 /* AddTaskViewController.swift */; };
		9886C05B2938D168003FB622 /* Task.swift in Sources */ = {isa = PBXBuildFile; fileRef = 9886C05A2938D168003FB622 /* Task.swift */; };
/* End PBXBuildFile section */

/* Begin PBXFileReference section */
		678CD34E5A7A8ED03CC41193 /* Pods_ToDoListApp.framework */ = {isa = PBXFileReference; explicitFileType = wrapper.framework; includeInIndex = 0; path = Pods_ToDoListApp.framework; sourceTree = BUILT_PRODUCTS_DIR; };
		9886C03D2933AD8E003FB622 /* ToDoListApp.app */ = {isa = PBXFileReference; explicitFileType = wrapper.application; includeInIndex = 0; path = ToDoListApp.app; sourceTree = BUILT_PRODUCTS_DIR; };
		9886C0402933AD8E003FB622 /* AppDelegate.swift */ = {isa = PBXFileReference; lastKnownFileType = sourcecode.swift; path = AppDelegate.swift; sourceTree = "<group>"; };
		9886C0422933AD8E003FB622 /* SceneDelegate.swift */ = {isa = PBXFileReference; lastKnownFileType = sourcecode.swift; path = SceneDelegate.swift; sourceTree = "<group>"; };
		9886C0472933AD8E003FB622 /* Base */ = {isa = PBXFileReference; lastKnownFileType = file.storyboard; name = Base; path = Base.lproj/Main.storyboard; sourceTree = "<group>"; };
		9886C0492933AD90003FB622 /* Assets.xcassets */ = {isa = PBXFileReference; lastKnownFileType = folder.assetcatalog; path = Assets.xcassets; sourceTree = "<group>"; };
		9886C04C2933AD90003FB622 /* Base */ = {isa = PBXFileReference; lastKnownFileType = file.storyboard; name = Base; path = Base.lproj/LaunchScreen.storyboard; sourceTree = "<group>"; };
		9886C04E2933AD90003FB622 /* Info.plist */ = {isa = PBXFileReference; lastKnownFileType = text.plist.xml; path = Info.plist; sourceTree = "<group>"; };
		9886C0552933ADCE003FB622 /* ViewController.swift */ = {isa = PBXFileReference; lastKnownFileType = sourcecode.swift; path = ViewController.swift; sourceTree = "<group>"; };
		9886C0572938CF48003FB622 /* AddTaskViewController.swift */ = {isa = PBXFileReference; lastKnownFileType = sourcecode.swift; path = AddTaskViewController.swift; sourceTree = "<group>"; };
		9886C05A2938D168003FB622 /* Task.swift */ = {isa = PBXFileReference; lastKnownFileType = sourcecode.swift; path = Task.swift; sourceTree = "<group>"; };
		98A31BE8313B21B92BB3626A /* Pods-ToDoListApp.debug.xcconfig */ = {isa = PBXFileReference; includeInIndex = 1; lastKnownFileType = text.xcconfig; name = "Pods-ToDoListApp.debug.xcconfig"; path = "Target Support Files/Pods-ToDoListApp/Pods-ToDoListApp.debug.xcconfig"; sourceTree = "<group>"; };
		CACF66BDBFECC926EA67B810 /* Pods-ToDoListApp.release.xcconfig */ = {isa = PBXFileReference; includeInIndex = 1; lastKnownFileType = text.xcconfig; name = "Pods-ToDoListApp.release.xcconfig"; path = "Target Support Files/Pods-ToDoListApp/Pods-ToDoListApp.release.xcconfig"; sourceTree = "<group>"; };
/* End PBXFileReference section */

/* Begin PBXFrameworksBuildPhase section */
		9886C03A2933AD8E003FB622 /* Frameworks */ = {
			isa = PBXFrameworksBuildPhase;
			buildActionMask = 2147483647;
			files = (
				23DAA81EA28223DF8E04BDED /* Pods_ToDoListApp.framework in Frameworks */,
			);
			runOnlyForDeploymentPostprocessing = 0;
		};
/* End PBXFrameworksBuildPhase section */

/* Begin PBXGroup section */
		36A6030039CD0D5B3890CCEE /* Frameworks */ = {
			isa = PBXGroup;
			children = (
				678CD34E5A7A8ED03CC41193 /* Pods_ToDoListApp.framework */,
			);
			name = Frameworks;
			sourceTree = "<group>";
		};
		8A585393C4D8FDAAE79B86EE /* Pods */ = {
			isa = PBXGroup;
			children = (
				98A31BE8313B21B92BB3626A /* Pods-ToDoListApp.debug.xcconfig */,
				CACF66BDBFECC926EA67B810 /* Pods-ToDoListApp.release.xcconfig */,
			);
			name = Pods;
			path = Pods;
			sourceTree = "<group>";
		};
		9886C0342933AD8E003FB622 = {
			isa = PBXGroup;
			children = (
				9886C03F2933AD8E003FB622 /* ToDoListApp */,
				9886C03E2933AD8E003FB622 /* Products */,
				8A585393C4D8FDAAE79B86EE /* Pods */,
				36A6030039CD0D5B3890CCEE /* Frameworks */,
			);
			sourceTree = "<group>";
		};
		9886C03E2933AD8E003FB622 /* Products */ = {
			isa = PBXGroup;
			children = (
				9886C03D2933AD8E003FB622 /* ToDoListApp.app */,
			);
			name = Products;
			sourceTree = "<group>";
		};
		9886C03F2933AD8E003FB622 /* ToDoListApp */ = {
			isa = PBXGroup;
			children = (
				9886C0592938D15C003FB622 /* Models */,
				9886C0542933ADB7003FB622 /* ViewControllers */,
				9886C0402933AD8E003FB622 /* AppDelegate.swift */,
				9886C0422933AD8E003FB622 /* SceneDelegate.swift */,
				9886C0462933AD8E003FB622 /* Main.storyboard */,
				9886C0492933AD90003FB622 /* Assets.xcassets */,
				9886C04B2933AD90003FB622 /* LaunchScreen.storyboard */,
				9886C04E2933AD90003FB622 /* Info.plist */,
			);
			path = ToDoListApp;
			sourceTree = "<group>";
		};
		9886C0542933ADB7003FB622 /* ViewControllers */ = {
			isa = PBXGroup;
			children = (
				9886C0552933ADCE003FB622 /* ViewController.swift */,
				9886C0572938CF48003FB622 /* AddTaskViewController.swift */,
			);
			path = ViewControllers;
			sourceTree = "<group>";
		};
		9886C0592938D15C003FB622 /* Models */ = {
			isa = PBXGroup;
			children = (
				9886C05A2938D168003FB622 /* Task.swift */,
			);
			path = Models;
			sourceTree = "<group>";
		};
/* End PBXGroup section */

/* Begin PBXNativeTarget section */
		9886C03C2933AD8E003FB622 /* ToDoListApp */ = {
			isa = PBXNativeTarget;
			buildConfigurationList = 9886C0512933AD90003FB622 /* Build configuration list for PBXNativeTarget "ToDoListApp" */;
			buildPhases = (
				A2B1A24DBE2D2DDD613D45D0 /* [CP] Check Pods Manifest.lock */,
				9886C0392933AD8E003FB622 /* Sources */,
				9886C03A2933AD8E003FB622 /* Frameworks */,
				9886C03B2933AD8E003FB622 /* Resources */,
				8DEF701064AE2366D3CA6B74 /* [CP] Embed Pods Frameworks */,
			);
			buildRules = (
			);
			dependencies = (
			);
			name = ToDoListApp;
			productName = ToDoListApp;
			productReference = 9886C03D2933AD8E003FB622 /* ToDoListApp.app */;
			productType = "com.apple.product-type.application";
		};
/* End PBXNativeTarget section */

/* Begin PBXProject section */
		9886C0352933AD8E003FB622 /* Project object */ = {
			isa = PBXProject;
			attributes = {
				BuildIndependentTargetsInParallel = 1;
				LastSwiftUpdateCheck = 1410;
				LastUpgradeCheck = 1410;
				TargetAttributes = {
					9886C03C2933AD8E003FB622 = {
						CreatedOnToolsVersion = 14.1;
					};
				};
			};
			buildConfigurationList = 9886C0382933AD8E003FB622 /* Build configuration list for PBXProject "ToDoListApp" */;
			compatibilityVersion = "Xcode 14.0";
			developmentRegion = en;
			hasScannedForEncodings = 0;
			knownRegions = (
				en,
				Base,
			);
			mainGroup = 9886C0342933AD8E003FB622;
			productRefGroup = 9886C03E2933AD8E003FB622 /* Products */;
			projectDirPath = "";
			projectRoot = "";
			targets = (
				9886C03C2933AD8E003FB622 /* ToDoListApp */,
			);
		};
/* End PBXProject section */

/* Begin PBXResourcesBuildPhase section */
		9886C03B2933AD8E003FB622 /* Resources */ = {
			isa = PBXResourcesBuildPhase;
			buildActionMask = 2147483647;
			files = (
				9886C04D2933AD90003FB622 /* LaunchScreen.storyboard in Resources */,
				9886C04A2933AD90003FB622 /* Assets.xcassets in Resources */,
				9886C0482933AD8E003FB622 /* Main.storyboard in Resources */,
			);
			runOnlyForDeploymentPostprocessing = 0;
		};
/* End PBXResourcesBuildPhase section */

/* Begin PBXShellScriptBuildPhase section */
		8DEF701064AE2366D3CA6B74 /* [CP] Embed Pods Frameworks */ = {
			isa = PBXShellScriptBuildPhase;
			buildActionMask = 2147483647;
			files = (
			);
			inputFileListPaths = (
				"${PODS_ROOT}/Target Support Files/Pods-ToDoListApp/Pods-ToDoListApp-frameworks-${CONFIGURATION}-input-files.xcfilelist",
			);
			name = "[CP] Embed Pods Frameworks";
			outputFileListPaths = (
				"${PODS_ROOT}/Target Support Files/Pods-ToDoListApp/Pods-ToDoListApp-frameworks-${CONFIGURATION}-output-files.xcfilelist",
			);
			runOnlyForDeploymentPostprocessing = 0;
			shellPath = /bin/sh;
			shellScript = "\"${PODS_ROOT}/Target Support Files/Pods-ToDoListApp/Pods-ToDoListApp-frameworks.sh\"\n";
			showEnvVarsInLog = 0;
		};
		A2B1A24DBE2D2DDD613D45D0 /* [CP] Check Pods Manifest.lock */ = {
			isa = PBXShellScriptBuildPhase;
			buildActionMask = 2147483647;
			files = (
			);
			inputFileListPaths = (
			);
			inputPaths = (
				"${PODS_PODFILE_DIR_PATH}/Podfile.lock",
				"${PODS_ROOT}/Manifest.lock",
			);
			name = "[CP] Check Pods Manifest.lock";
			outputFileListPaths = (
			);
			outputPaths = (
				"$(DERIVED_FILE_DIR)/Pods-ToDoListApp-checkManifestLockResult.txt",
			);
			runOnlyForDeploymentPostprocessing = 0;
			shellPath = /bin/sh;
			shellScript = "diff \"${PODS_PODFILE_DIR_PATH}/Podfile.lock\" \"${PODS_ROOT}/Manifest.lock\" > /dev/null\nif [ $? != 0 ] ; then\n    # print error to STDERR\n    echo \"error: The sandbox is not in sync with the Podfile.lock. Run 'pod install' or update your CocoaPods installation.\" >&2\n    exit 1\nfi\n# This output is used by Xcode 'outputs' to avoid re-running this script phase.\necho \"SUCCESS\" > \"${SCRIPT_OUTPUT_FILE_0}\"\n";
			showEnvVarsInLog = 0;
		};
/* End PBXShellScriptBuildPhase section */

/* Begin PBXSourcesBuildPhase section */
		9886C0392933AD8E003FB622 /* Sources */ = {
			isa = PBXSourcesBuildPhase;
			buildActionMask = 2147483647;
			files = (
				9886C0562933ADCE003FB622 /* ViewController.swift in Sources */,
				9886C0582938CF48003FB622 /* AddTaskViewController.swift in Sources */,
				9886C0412933AD8E003FB622 /* AppDelegate.swift in Sources */,
				9886C05B2938D168003FB622 /* Task.swift in Sources */,
				9886C0432933AD8E003FB622 /* SceneDelegate.swift in Sources */,
			);
			runOnlyForDeploymentPostprocessing = 0;
		};
/* End PBXSourcesBuildPhase section */

/* Begin PBXVariantGroup section */
		9886C0462933AD8E003FB622 /* Main.storyboard */ = {
			isa = PBXVariantGroup;
			children = (
				9886C0472933AD8E003FB622 /* Base */,
			);
			name = Main.storyboard;
			sourceTree = "<group>";
		};
		9886C04B2933AD90003FB622 /* LaunchScreen.storyboard */ = {
			isa = PBXVariantGroup;
			children = (
				9886C04C2933AD90003FB622 /* Base */,
			);
			name = LaunchScreen.storyboard;
			sourceTree = "<group>";
		};
/* End PBXVariantGroup section */

/* Begin XCBuildConfiguration section */
		9886C04F2933AD90003FB622 /* Debug */ = {
			isa = XCBuildConfiguration;
			buildSettings = {
				ALWAYS_SEARCH_USER_PATHS = NO;
				CLANG_ANALYZER_NONNULL = YES;
				CLANG_ANALYZER_NUMBER_OBJECT_CONVERSION = YES_AGGRESSIVE;
				CLANG_CXX_LANGUAGE_STANDARD = "gnu++20";
				CLANG_ENABLE_MODULES = YES;
				CLANG_ENABLE_OBJC_ARC = YES;
				CLANG_ENABLE_OBJC_WEAK = YES;
				CLANG_WARN_BLOCK_CAPTURE_AUTORELEASING = YES;
				CLANG_WARN_BOOL_CONVERSION = YES;
				CLANG_WARN_COMMA = YES;
				CLANG_WARN_CONSTANT_CONVERSION = YES;
				CLANG_WARN_DEPRECATED_OBJC_IMPLEMENTATIONS = YES;
				CLANG_WARN_DIRECT_OBJC_ISA_USAGE = YES_ERROR;
				CLANG_WARN_DOCUMENTATION_COMMENTS = YES;
				CLANG_WARN_EMPTY_BODY = YES;
				CLANG_WARN_ENUM_CONVERSION = YES;
				CLANG_WARN_INFINITE_RECURSION = YES;
				CLANG_WARN_INT_CONVERSION = YES;
				CLANG_WARN_NON_LITERAL_NULL_CONVERSION = YES;
				CLANG_WARN_OBJC_IMPLICIT_RETAIN_SELF = YES;
				CLANG_WARN_OBJC_LITERAL_CONVERSION = YES;
				CLANG_WARN_OBJC_ROOT_CLASS = YES_ERROR;
				CLANG_WARN_QUOTED_INCLUDE_IN_FRAMEWORK_HEADER = YES;
				CLANG_WARN_RANGE_LOOP_ANALYSIS = YES;
				CLANG_WARN_STRICT_PROTOTYPES = YES;
				CLANG_WARN_SUSPICIOUS_MOVE = YES;
				CLANG_WARN_UNGUARDED_AVAILABILITY = YES_AGGRESSIVE;
				CLANG_WARN_UNREACHABLE_CODE = YES;
				CLANG_WARN__DUPLICATE_METHOD_MATCH = YES;
				COPY_PHASE_STRIP = NO;
				DEBUG_INFORMATION_FORMAT = dwarf;
				ENABLE_STRICT_OBJC_MSGSEND = YES;
				ENABLE_TESTABILITY = YES;
				GCC_C_LANGUAGE_STANDARD = gnu11;
				GCC_DYNAMIC_NO_PIC = NO;
				GCC_NO_COMMON_BLOCKS = YES;
				GCC_OPTIMIZATION_LEVEL = 0;
				GCC_PREPROCESSOR_DEFINITIONS = (
					"DEBUG=1",
					"$(inherited)",
				);
				GCC_WARN_64_TO_32_BIT_CONVERSION = YES;
				GCC_WARN_ABOUT_RETURN_TYPE = YES_ERROR;
				GCC_WARN_UNDECLARED_SELECTOR = YES;
				GCC_WARN_UNINITIALIZED_AUTOS = YES_AGGRESSIVE;
				GCC_WARN_UNUSED_FUNCTION = YES;
				GCC_WARN_UNUSED_VARIABLE = YES;
				IPHONEOS_DEPLOYMENT_TARGET = 16.1;
				MTL_ENABLE_DEBUG_INFO = INCLUDE_SOURCE;
				MTL_FAST_MATH = YES;
				ONLY_ACTIVE_ARCH = YES;
				SDKROOT = iphoneos;
				SWIFT_ACTIVE_COMPILATION_CONDITIONS = DEBUG;
				SWIFT_OPTIMIZATION_LEVEL = "-Onone";
			};
			name = Debug;
		};
		9886C0502933AD90003FB622 /* Release */ = {
			isa = XCBuildConfiguration;
			buildSettings = {
				ALWAYS_SEARCH_USER_PATHS = NO;
				CLANG_ANALYZER_NONNULL = YES;
				CLANG_ANALYZER_NUMBER_OBJECT_CONVERSION = YES_AGGRESSIVE;
				CLANG_CXX_LANGUAGE_STANDARD = "gnu++20";
				CLANG_ENABLE_MODULES = YES;
				CLANG_ENABLE_OBJC_ARC = YES;
				CLANG_ENABLE_OBJC_WEAK = YES;
				CLANG_WARN_BLOCK_CAPTURE_AUTORELEASING = YES;
				CLANG_WARN_BOOL_CONVERSION = YES;
				CLANG_WARN_COMMA = YES;
				CLANG_WARN_CONSTANT_CONVERSION = YES;
				CLANG_WARN_DEPRECATED_OBJC_IMPLEMENTATIONS = YES;
				CLANG_WARN_DIRECT_OBJC_ISA_USAGE = YES_ERROR;
				CLANG_WARN_DOCUMENTATION_COMMENTS = YES;
				CLANG_WARN_EMPTY_BODY = YES;
				CLANG_WARN_ENUM_CONVERSION = YES;
				CLANG_WARN_INFINITE_RECURSION = YES;
				CLANG_WARN_INT_CONVERSION = YES;
				CLANG_WARN_NON_LITERAL_NULL_CONVERSION = YES;
				CLANG_WARN_OBJC_IMPLICIT_RETAIN_SELF = YES;
				CLANG_WARN_OBJC_LITERAL_CONVERSION = YES;
				CLANG_WARN_OBJC_ROOT_CLASS = YES_ERROR;
				CLANG_WARN_QUOTED_INCLUDE_IN_FRAMEWORK_HEADER = YES;
				CLANG_WARN_RANGE_LOOP_ANALYSIS = YES;
				CLANG_WARN_STRICT_PROTOTYPES = YES;
				CLANG_WARN_SUSPICIOUS_MOVE = YES;
				CLANG_WARN_UNGUARDED_AVAILABILITY = YES_AGGRESSIVE;
				CLANG_WARN_UNREACHABLE_CODE = YES;
				CLANG_WARN__DUPLICATE_METHOD_MATCH = YES;
				COPY_PHASE_STRIP = NO;
				DEBUG_INFORMATION_FORMAT = "dwarf-with-dsym";
				ENABLE_NS_ASSERTIONS = NO;
				ENABLE_STRICT_OBJC_MSGSEND = YES;
				GCC_C_LANGUAGE_STANDARD = gnu11;
				GCC_NO_COMMON_BLOCKS = YES;
				GCC_WARN_64_TO_32_BIT_CONVERSION = YES;
				GCC_WARN_ABOUT_RETURN_TYPE = YES_ERROR;
				GCC_WARN_UNDECLARED_SELECTOR = YES;
				GCC_WARN_UNINITIALIZED_AUTOS = YES_AGGRESSIVE;
				GCC_WARN_UNUSED_FUNCTION = YES;
				GCC_WARN_UNUSED_VARIABLE = YES;
				IPHONEOS_DEPLOYMENT_TARGET = 16.1;
				MTL_ENABLE_DEBUG_INFO = NO;
				MTL_FAST_MATH = YES;
				SDKROOT = iphoneos;
				SWIFT_COMPILATION_MODE = wholemodule;
				SWIFT_OPTIMIZATION_LEVEL = "-O";
				VALIDATE_PRODUCT = YES;
			};
			name = Release;
		};
		9886C0522933AD90003FB622 /* Debug */ = {
			isa = XCBuildConfiguration;
			baseConfigurationReference = 98A31BE8313B21B92BB3626A /* Pods-ToDoListApp.debug.xcconfig */;
			buildSettings = {
				ASSETCATALOG_COMPILER_APPICON_NAME = AppIcon;
				ASSETCATALOG_COMPILER_GLOBAL_ACCENT_COLOR_NAME = AccentColor;
				CODE_SIGN_STYLE = Automatic;
				CURRENT_PROJECT_VERSION = 1;
				DEVELOPMENT_TEAM = HXGGE8M769;
				GENERATE_INFOPLIST_FILE = YES;
				INFOPLIST_FILE = ToDoListApp/Info.plist;
				INFOPLIST_KEY_UIApplicationSupportsIndirectInputEvents = YES;
				INFOPLIST_KEY_UILaunchStoryboardName = LaunchScreen;
				INFOPLIST_KEY_UIMainStoryboardFile = Main;
				INFOPLIST_KEY_UISupportedInterfaceOrientations_iPad = "UIInterfaceOrientationPortrait UIInterfaceOrientationPortraitUpsideDown UIInterfaceOrientationLandscapeLeft UIInterfaceOrientationLandscapeRight";
				INFOPLIST_KEY_UISupportedInterfaceOrientations_iPhone = "UIInterfaceOrientationPortrait UIInterfaceOrientationLandscapeLeft UIInterfaceOrientationLandscapeRight";
				LD_RUNPATH_SEARCH_PATHS = (
					"$(inherited)",
					"@executable_path/Frameworks",
				);
				MARKETING_VERSION = 1.0;
				PRODUCT_BUNDLE_IDENTIFIER = com.leoStudies.ToDoListApp;
				PRODUCT_NAME = "$(TARGET_NAME)";
				SWIFT_EMIT_LOC_STRINGS = YES;
				SWIFT_VERSION = 5.0;
				TARGETED_DEVICE_FAMILY = "1,2";
			};
			name = Debug;
		};
		9886C0532933AD90003FB622 /* Release */ = {
			isa = XCBuildConfiguration;
			baseConfigurationReference = CACF66BDBFECC926EA67B810 /* Pods-ToDoListApp.release.xcconfig */;
			buildSettings = {
				ASSETCATALOG_COMPILER_APPICON_NAME = AppIcon;
				ASSETCATALOG_COMPILER_GLOBAL_ACCENT_COLOR_NAME = AccentColor;
				CODE_SIGN_STYLE = Automatic;
				CURRENT_PROJECT_VERSION = 1;
				DEVELOPMENT_TEAM = HXGGE8M769;
				GENERATE_INFOPLIST_FILE = YES;
				INFOPLIST_FILE = ToDoListApp/Info.plist;
				INFOPLIST_KEY_UIApplicationSupportsIndirectInputEvents = YES;
				INFOPLIST_KEY_UILaunchStoryboardName = LaunchScreen;
				INFOPLIST_KEY_UIMainStoryboardFile = Main;
				INFOPLIST_KEY_UISupportedInterfaceOrientations_iPad = "UIInterfaceOrientationPortrait UIInterfaceOrientationPortraitUpsideDown UIInterfaceOrientationLandscapeLeft UIInterfaceOrientationLandscapeRight";
				INFOPLIST_KEY_UISupportedInterfaceOrientations_iPhone = "UIInterfaceOrientationPortrait UIInterfaceOrientationLandscapeLeft UIInterfaceOrientationLandscapeRight";
				LD_RUNPATH_SEARCH_PATHS = (
					"$(inherited)",
					"@executable_path/Frameworks",
				);
				MARKETING_VERSION = 1.0;
				PRODUCT_BUNDLE_IDENTIFIER = com.leoStudies.ToDoListApp;
				PRODUCT_NAME = "$(TARGET_NAME)";
				SWIFT_EMIT_LOC_STRINGS = YES;
				SWIFT_VERSION = 5.0;
				TARGETED_DEVICE_FAMILY = "1,2";
			};
			name = Release;
		};
/* End XCBuildConfiguration section */

/* Begin XCConfigurationList section */
		9886C0382933AD8E003FB622 /* Build configuration list for PBXProject "ToDoListApp" */ = {
			isa = XCConfigurationList;
			buildConfigurations = (
				9886C04F2933AD90003FB622 /* Debug */,
				9886C0502933AD90003FB622 /* Release */,
			);
			defaultConfigurationIsVisible = 0;
			defaultConfigurationName = Release;
		};
		9886C0512933AD90003FB622 /* Build configuration list for PBXNativeTarget "ToDoListApp" */ = {
			isa = XCConfigurationList;
			buildConfigurations = (
				9886C0522933AD90003FB622 /* Debug */,
				9886C0532933AD90003FB622 /* Release */,
			);
			defaultConfigurationIsVisible = 0;
			defaultConfigurationName = Release;
		};
/* End XCConfigurationList section */
	};
	rootObject = 9886C0352933AD8E003FB622 /* Project object */;
}
